
Microsoft Visual Studio Solution File, Format Version 12.00
# Visual Studio Version 17
VisualStudioVersion = 17.8.34511.84
MinimumVisualStudioVersion = 10.0.40219.1
Project("{FAE04EC0-301F-11D3-BF4B-00C04F79EFBC}") = "ProductAPI", "ProductAPI\ProductAPI.csproj", "{3C1A9690-253E-46EC-857D-998F15DCE5E8}"
EndProject
Project("{FAE04EC0-301F-11D3-BF4B-00C04F79EFBC}") = "AccountAPI", "AccountAPI\AccountAPI.csproj", "{10D84A7D-E6CF-48A6-A0FC-018F419E28DA}"
EndProject
Project("{FAE04EC0-301F-11D3-BF4B-00C04F79EFBC}") = "APIGateway", "APIGateway\APIGateway.csproj", "{DF890B74-FCD1-4577-AB48-B0192AB8030B}"
EndProject
Project("{FAE04EC0-301F-11D3-BF4B-00C04F79EFBC}") = "MVCApplication", "MVCApplication\MVCApplication.csproj", "{BF07E771-8072-48D6-9B5D-FD042A3D006C}"
EndProject
Project("{FAE04EC0-301F-11D3-BF4B-00C04F79EFBC}") = "OrderAPI", "OrderAPI\OrderAPI.csproj", "{3216EEB9-B21F-411F-96E1-23A370CB5BE4}"
EndProject
Project("{FAE04EC0-301F-11D3-BF4B-00C04F79EFBC}") = "FeedbackAPI", "FeedbackAPI\FeedbackAPI.csproj", "{E5ABB311-BD7D-4377-A7D9-D0352EB78535}"
EndProject
Project("{FAE04EC0-301F-11D3-BF4B-00C04F79EFBC}") = "VoucherAPI", "VoucherAPI\VoucherAPI.csproj", "{9E31AB6E-257C-473B-95C0-0F0D9F7B11DC}"
EndProject
Project("{FAE04EC0-301F-11D3-BF4B-00C04F79EFBC}") = "CartAPI", "CartAPI\CartAPI.csproj", "{679D2D68-97C9-4092-97C1-BABE26D24DF8}"
EndProject
Project("{FAE04EC0-301F-11D3-BF4B-00C04F79EFBC}") = "PaymentAPI", "PaymentAPI\PaymentAPI.csproj", "{67B7851E-CCC5-43D5-AF30-D4A05FB0EFB0}"
EndProject
Global
	GlobalSection(SolutionConfigurationPlatforms) = preSolution
		Debug|Any CPU = Debug|Any CPU
		Debug|x64 = Debug|x64
		Debug|x86 = Debug|x86
		Release|Any CPU = Release|Any CPU
		Release|x64 = Release|x64
		Release|x86 = Release|x86
	EndGlobalSection
	GlobalSection(ProjectConfigurationPlatforms) = postSolution
		{3C1A9690-253E-46EC-857D-998F15DCE5E8}.Debug|Any CPU.ActiveCfg = Debug|Any CPU
		{3C1A9690-253E-46EC-857D-998F15DCE5E8}.Debug|Any CPU.Build.0 = Debug|Any CPU
		{3C1A9690-253E-46EC-857D-998F15DCE5E8}.Debug|x64.ActiveCfg = Debug|Any CPU
		{3C1A9690-253E-46EC-857D-998F15DCE5E8}.Debug|x64.Build.0 = Debug|Any CPU
		{3C1A9690-253E-46EC-857D-998F15DCE5E8}.Debug|x86.ActiveCfg = Debug|Any CPU
		{3C1A9690-253E-46EC-857D-998F15DCE5E8}.Debug|x86.Build.0 = Debug|Any CPU
		{3C1A9690-253E-46EC-857D-998F15DCE5E8}.Release|Any CPU.ActiveCfg = Release|Any CPU
		{3C1A9690-253E-46EC-857D-998F15DCE5E8}.Release|Any CPU.Build.0 = Release|Any CPU
		{3C1A9690-253E-46EC-857D-998F15DCE5E8}.Release|x64.ActiveCfg = Release|Any CPU
		{3C1A9690-253E-46EC-857D-998F15DCE5E8}.Release|x64.Build.0 = Release|Any CPU
		{3C1A9690-253E-46EC-857D-998F15DCE5E8}.Release|x86.ActiveCfg = Release|Any CPU
		{3C1A9690-253E-46EC-857D-998F15DCE5E8}.Release|x86.Build.0 = Release|Any CPU
		{10D84A7D-E6CF-48A6-A0FC-018F419E28DA}.Debug|Any CPU.ActiveCfg = Debug|Any CPU
		{10D84A7D-E6CF-48A6-A0FC-018F419E28DA}.Debug|Any CPU.Build.0 = Debug|Any CPU
		{10D84A7D-E6CF-48A6-A0FC-018F419E28DA}.Debug|x64.ActiveCfg = Debug|Any CPU
		{10D84A7D-E6CF-48A6-A0FC-018F419E28DA}.Debug|x64.Build.0 = Debug|Any CPU
		{10D84A7D-E6CF-48A6-A0FC-018F419E28DA}.Debug|x86.ActiveCfg = Debug|Any CPU
		{10D84A7D-E6CF-48A6-A0FC-018F419E28DA}.Debug|x86.Build.0 = Debug|Any CPU
		{10D84A7D-E6CF-48A6-A0FC-018F419E28DA}.Release|Any CPU.ActiveCfg = Release|Any CPU
		{10D84A7D-E6CF-48A6-A0FC-018F419E28DA}.Release|Any CPU.Build.0 = Release|Any CPU
		{10D84A7D-E6CF-48A6-A0FC-018F419E28DA}.Release|x64.ActiveCfg = Release|Any CPU
		{10D84A7D-E6CF-48A6-A0FC-018F419E28DA}.Release|x64.Build.0 = Release|Any CPU
		{10D84A7D-E6CF-48A6-A0FC-018F419E28DA}.Release|x86.ActiveCfg = Release|Any CPU
		{10D84A7D-E6CF-48A6-A0FC-018F419E28DA}.Release|x86.Build.0 = Release|Any CPU
		{DF890B74-FCD1-4577-AB48-B0192AB8030B}.Debug|Any CPU.ActiveCfg = Debug|Any CPU
		{DF890B74-FCD1-4577-AB48-B0192AB8030B}.Debug|Any CPU.Build.0 = Debug|Any CPU
		{DF890B74-FCD1-4577-AB48-B0192AB8030B}.Debug|x64.ActiveCfg = Debug|Any CPU
		{DF890B74-FCD1-4577-AB48-B0192AB8030B}.Debug|x64.Build.0 = Debug|Any CPU
		{DF890B74-FCD1-4577-AB48-B0192AB8030B}.Debug|x86.ActiveCfg = Debug|Any CPU
		{DF890B74-FCD1-4577-AB48-B0192AB8030B}.Debug|x86.Build.0 = Debug|Any CPU
		{DF890B74-FCD1-4577-AB48-B0192AB8030B}.Release|Any CPU.ActiveCfg = Release|Any CPU
		{DF890B74-FCD1-4577-AB48-B0192AB8030B}.Release|Any CPU.Build.0 = Release|Any CPU
		{DF890B74-FCD1-4577-AB48-B0192AB8030B}.Release|x64.ActiveCfg = Release|Any CPU
		{DF890B74-FCD1-4577-AB48-B0192AB8030B}.Release|x64.Build.0 = Release|Any CPU
		{DF890B74-FCD1-4577-AB48-B0192AB8030B}.Release|x86.ActiveCfg = Release|Any CPU
		{DF890B74-FCD1-4577-AB48-B0192AB8030B}.Release|x86.Build.0 = Release|Any CPU
		{BF07E771-8072-48D6-9B5D-FD042A3D006C}.Debug|Any CPU.ActiveCfg = Debug|Any CPU
		{BF07E771-8072-48D6-9B5D-FD042A3D006C}.Debug|Any CPU.Build.0 = Debug|Any CPU
		{BF07E771-8072-48D6-9B5D-FD042A3D006C}.Debug|x64.ActiveCfg = Debug|Any CPU
		{BF07E771-8072-48D6-9B5D-FD042A3D006C}.Debug|x64.Build.0 = Debug|Any CPU
		{BF07E771-8072-48D6-9B5D-FD042A3D006C}.Debug|x86.ActiveCfg = Debug|Any CPU
		{BF07E771-8072-48D6-9B5D-FD042A3D006C}.Debug|x86.Build.0 = Debug|Any CPU
		{BF07E771-8072-48D6-9B5D-FD042A3D006C}.Release|Any CPU.ActiveCfg = Release|Any CPU
		{BF07E771-8072-48D6-9B5D-FD042A3D006C}.Release|Any CPU.Build.0 = Release|Any CPU
		{BF07E771-8072-48D6-9B5D-FD042A3D006C}.Release|x64.ActiveCfg = Release|Any CPU
		{BF07E771-8072-48D6-9B5D-FD042A3D006C}.Release|x64.Build.0 = Release|Any CPU
		{BF07E771-8072-48D6-9B5D-FD042A3D006C}.Release|x86.ActiveCfg = Release|Any CPU
		{BF07E771-8072-48D6-9B5D-FD042A3D006C}.Release|x86.Build.0 = Release|Any CPU
		{3216EEB9-B21F-411F-96E1-23A370CB5BE4}.Debug|Any CPU.ActiveCfg = Debug|Any CPU
		{3216EEB9-B21F-411F-96E1-23A370CB5BE4}.Debug|Any CPU.Build.0 = Debug|Any CPU
		{3216EEB9-B21F-411F-96E1-23A370CB5BE4}.Debug|x64.ActiveCfg = Debug|Any CPU
		{3216EEB9-B21F-411F-96E1-23A370CB5BE4}.Debug|x64.Build.0 = Debug|Any CPU
		{3216EEB9-B21F-411F-96E1-23A370CB5BE4}.Debug|x86.ActiveCfg = Debug|Any CPU
		{3216EEB9-B21F-411F-96E1-23A370CB5BE4}.Debug|x86.Build.0 = Debug|Any CPU
		{3216EEB9-B21F-411F-96E1-23A370CB5BE4}.Release|Any CPU.ActiveCfg = Release|Any CPU
		{3216EEB9-B21F-411F-96E1-23A370CB5BE4}.Release|Any CPU.Build.0 = Release|Any CPU
		{3216EEB9-B21F-411F-96E1-23A370CB5BE4}.Release|x64.ActiveCfg = Release|Any CPU
		{3216EEB9-B21F-411F-96E1-23A370CB5BE4}.Release|x64.Build.0 = Release|Any CPU
		{3216EEB9-B21F-411F-96E1-23A370CB5BE4}.Release|x86.ActiveCfg = Release|Any CPU
		{3216EEB9-B21F-411F-96E1-23A370CB5BE4}.Release|x86.Build.0 = Release|Any CPU
		{E5ABB311-BD7D-4377-A7D9-D0352EB78535}.Debug|Any CPU.ActiveCfg = Debug|Any CPU
		{E5ABB311-BD7D-4377-A7D9-D0352EB78535}.Debug|Any CPU.Build.0 = Debug|Any CPU
		{E5ABB311-BD7D-4377-A7D9-D0352EB78535}.Debug|x64.ActiveCfg = Debug|Any CPU
		{E5ABB311-BD7D-4377-A7D9-D0352EB78535}.Debug|x64.Build.0 = Debug|Any CPU
		{E5ABB311-BD7D-4377-A7D9-D0352EB78535}.Debug|x86.ActiveCfg = Debug|Any CPU
		{E5ABB311-BD7D-4377-A7D9-D0352EB78535}.Debug|x86.Build.0 = Debug|Any CPU
		{E5ABB311-BD7D-4377-A7D9-D0352EB78535}.Release|Any CPU.ActiveCfg = Release|Any CPU
		{E5ABB311-BD7D-4377-A7D9-D0352EB78535}.Release|Any CPU.Build.0 = Release|Any CPU
		{E5ABB311-BD7D-4377-A7D9-D0352EB78535}.Release|x64.ActiveCfg = Release|Any CPU
		{E5ABB311-BD7D-4377-A7D9-D0352EB78535}.Release|x64.Build.0 = Release|Any CPU
		{E5ABB311-BD7D-4377-A7D9-D0352EB78535}.Release|x86.ActiveCfg = Release|Any CPU
		{E5ABB311-BD7D-4377-A7D9-D0352EB78535}.Release|x86.Build.0 = Release|Any CPU
		{9E31AB6E-257C-473B-95C0-0F0D9F7B11DC}.Debug|Any CPU.ActiveCfg = Debug|Any CPU
		{9E31AB6E-257C-473B-95C0-0F0D9F7B11DC}.Debug|Any CPU.Build.0 = Debug|Any CPU
		{9E31AB6E-257C-473B-95C0-0F0D9F7B11DC}.Debug|x64.ActiveCfg = Debug|Any CPU
		{9E31AB6E-257C-473B-95C0-0F0D9F7B11DC}.Debug|x64.Build.0 = Debug|Any CPU
		{9E31AB6E-257C-473B-95C0-0F0D9F7B11DC}.Debug|x86.ActiveCfg = Debug|Any CPU
		{9E31AB6E-257C-473B-95C0-0F0D9F7B11DC}.Debug|x86.Build.0 = Debug|Any CPU
		{9E31AB6E-257C-473B-95C0-0F0D9F7B11DC}.Release|Any CPU.ActiveCfg = Release|Any CPU
		{9E31AB6E-257C-473B-95C0-0F0D9F7B11DC}.Release|Any CPU.Build.0 = Release|Any CPU
		{9E31AB6E-257C-473B-95C0-0F0D9F7B11DC}.Release|x64.ActiveCfg = Release|Any CPU
		{9E31AB6E-257C-473B-95C0-0F0D9F7B11DC}.Release|x64.Build.0 = Release|Any CPU
		{9E31AB6E-257C-473B-95C0-0F0D9F7B11DC}.Release|x86.ActiveCfg = Release|Any CPU
		{9E31AB6E-257C-473B-95C0-0F0D9F7B11DC}.Release|x86.Build.0 = Release|Any CPU
		{679D2D68-97C9-4092-97C1-BABE26D24DF8}.Debug|Any CPU.ActiveCfg = Debug|Any CPU
		{679D2D68-97C9-4092-97C1-BABE26D24DF8}.Debug|Any CPU.Build.0 = Debug|Any CPU
		{679D2D68-97C9-4092-97C1-BABE26D24DF8}.Debug|x64.ActiveCfg = Debug|Any CPU
		{679D2D68-97C9-4092-97C1-BABE26D24DF8}.Debug|x64.Build.0 = Debug|Any CPU
		{679D2D68-97C9-4092-97C1-BABE26D24DF8}.Debug|x86.ActiveCfg = Debug|Any CPU
		{679D2D68-97C9-4092-97C1-BABE26D24DF8}.Debug|x86.Build.0 = Debug|Any CPU
		{679D2D68-97C9-4092-97C1-BABE26D24DF8}.Release|Any CPU.ActiveCfg = Release|Any CPU
		{679D2D68-97C9-4092-97C1-BABE26D24DF8}.Release|Any CPU.Build.0 = Release|Any CPU
		{679D2D68-97C9-4092-97C1-BABE26D24DF8}.Release|x64.ActiveCfg = Release|Any CPU
		{679D2D68-97C9-4092-97C1-BABE26D24DF8}.Release|x64.Build.0 = Release|Any CPU
		{679D2D68-97C9-4092-97C1-BABE26D24DF8}.Release|x86.ActiveCfg = Release|Any CPU
		{679D2D68-97C9-4092-97C1-BABE26D24DF8}.Release|x86.Build.0 = Release|Any CPU
		{67B7851E-CCC5-43D5-AF30-D4A05FB0EFB0}.Debug|Any CPU.ActiveCfg = Debug|Any CPU
		{67B7851E-CCC5-43D5-AF30-D4A05FB0EFB0}.Debug|Any CPU.Build.0 = Debug|Any CPU
		{67B7851E-CCC5-43D5-AF30-D4A05FB0EFB0}.Debug|x64.ActiveCfg = Debug|Any CPU
		{67B7851E-CCC5-43D5-AF30-D4A05FB0EFB0}.Debug|x64.Build.0 = Debug|Any CPU
		{67B7851E-CCC5-43D5-AF30-D4A05FB0EFB0}.Debug|x86.ActiveCfg = Debug|Any CPU
		{67B7851E-CCC5-43D5-AF30-D4A05FB0EFB0}.Debug|x86.Build.0 = Debug|Any CPU
		{67B7851E-CCC5-43D5-AF30-D4A05FB0EFB0}.Release|Any CPU.ActiveCfg = Release|Any CPU
		{67B7851E-CCC5-43D5-AF30-D4A05FB0EFB0}.Release|Any CPU.Build.0 = Release|Any CPU
		{67B7851E-CCC5-43D5-AF30-D4A05FB0EFB0}.Release|x64.ActiveCfg = Release|Any CPU
		{67B7851E-CCC5-43D5-AF30-D4A05FB0EFB0}.Release|x64.Build.0 = Release|Any CPU
		{67B7851E-CCC5-43D5-AF30-D4A05FB0EFB0}.Release|x86.ActiveCfg = Release|Any CPU
		{67B7851E-CCC5-43D5-AF30-D4A05FB0EFB0}.Release|x86.Build.0 = Release|Any CPU
	EndGlobalSection
	GlobalSection(SolutionProperties) = preSolution
		HideSolutionNode = FALSE
	EndGlobalSection
	GlobalSection(ExtensibilityGlobals) = postSolution
		SolutionGuid = {A47C33ED-3B74-4CD1-9FE0-998E440138B9}
	EndGlobalSection
EndGlobal
